{
  "name": "java-language-server-monorepo",
  "version": "0.1.0",
  "lockfileVersion": 3,
  "requires": true,
  "packages": {
    "": {
      "name": "java-language-server-monorepo",
      "version": "0.1.0",
      "workspaces": [
        "packages/*"
      ]
    },
    "node_modules/@myscope/java-language-server": {
      "resolved": "packages/java-language-server",
      "link": true
    },
    "node_modules/@myscope/java-ls-config-darwin": {
      "resolved": "packages/java-ls-config-darwin",
      "link": true
    },
    "node_modules/@myscope/java-ls-config-linux": {
      "resolved": "packages/java-ls-config-linux",
      "link": true
    },
    "node_modules/@myscope/java-ls-config-win32": {
      "resolved": "packages/java-ls-config-win32",
      "link": true
    },
    "node_modules/@myscope/java-ls-jre-darwin-arm64": {
      "resolved": "packages/java-ls-jre-darwin-arm64",
      "link": true
    },
    "node_modules/@myscope/java-ls-jre-linux-x64": {
      "resolved": "packages/java-ls-jre-linux-x64",
      "link": true
    },
    "node_modules/@myscope/java-ls-jre-win32-x64": {
      "resolved": "packages/java-ls-jre-win32-x64",
      "link": true
    },
    "packages/java-language-server": {
      "name": "@myscope/java-language-server",
      "version": "0.1.0",
      "hasInstallScript": true,
      "license": "EPL-2.0",
      "bin": {
        "jdtls": "bin/jdtls.js"
      },
      "engines": {
        "node": ">=16.0.0"
      },
      "optionalDependencies": {
        "@myscope/java-ls-config-darwin": "0.1.0",
        "@myscope/java-ls-config-linux": "0.1.0",
        "@myscope/java-ls-config-win32": "0.1.0",
        "@myscope/java-ls-jre-darwin-arm64": "0.1.0",
        "@myscope/java-ls-jre-linux-x64": "0.1.0",
        "@myscope/java-ls-jre-win32-x64": "0.1.0"
      }
    },
    "packages/java-ls-config-darwin": {
      "name": "@myscope/java-ls-config-darwin",
      "version": "0.1.0",
      "license": "EPL-2.0",
      "os": [
        "darwin"
      ]
    },
    "packages/java-ls-config-linux": {
      "name": "@myscope/java-ls-config-linux",
      "version": "0.1.0",
      "license": "EPL-2.0",
      "os": [
        "linux"
      ]
    },
    "packages/java-ls-config-win32": {
      "name": "@myscope/java-ls-config-win32",
      "version": "0.1.0",
      "license": "EPL-2.0",
      "os": [
        "win32"
      ]
    },
    "packages/java-ls-jre-darwin-arm64": {
      "name": "@myscope/java-ls-jre-darwin-arm64",
      "version": "0.1.0",
      "cpu": [
        "arm64"
      ],
      "license": "GPL-2.0-with-classpath-exception",
      "os": [
        "darwin"
      ]
    },
    "packages/java-ls-jre-linux-x64": {
      "name": "@myscope/java-ls-jre-linux-x64",
      "version": "0.1.0",
      "cpu": [
        "x64"
      ],
      "license": "GPL-2.0-with-classpath-exception",
      "os": [
        "linux"
      ]
    },
    "packages/java-ls-jre-win32-x64": {
      "name": "@myscope/java-ls-jre-win32-x64",
      "version": "0.1.0",
      "cpu": [
        "x64"
      ],
      "license": "GPL-2.0-with-classpath-exception",
      "os": [
        "win32"
      ]
    }
  }
}
